{
  "object": {
    "pins": [
      {
        "package": "DiskSpaceProvider",
        "repositoryURL": "https://github.com/DominatorVbN/DiskSpaceProvider",
        "state": {
          "branch": null,
          "revision": "acef4977953995243bf97ef747f56d3ff17b61f5",
          "version": "0.0.1"
        }
      }
    ]
  },
  "version": 1
}
