{
  "object": {
    "pins": [
      {
        "package": "DiskSpaceProvider",
        "repositoryURL": "https://github.com/DominatorVbN/DiskSpaceProvider",
        "state": {
          "branch": null,
          "revision": "57e0c32eefe4258a65e6cd15c39730cea9777e11",
          "version": "0.0.2"
        }
      }
    ]
  },
  "version": 1
}
