// !$*UTF8*$!
{
	archiveVersion = 1;
	classes = {
	};
	objectVersion = 55;
	objects = {

/* Begin PBXBuildFile section */
		1986ED5027CDFCF400096E66 /* DiskSpaceProviderExampleAppApp.swift in Sources */ = {isa = PBXBuildFile; fileRef = 1986ED4F27CDFCF400096E66 /* DiskSpaceProviderExampleAppApp.swift */; };
		1986ED5427CDFCF500096E66 /* Assets.xcassets in Resources */ = {isa = PBXBuildFile; fileRef = 1986ED5327CDFCF500096E66 /* Assets.xcassets */; };
		1986ED5727CDFCF500096E66 /* Preview Assets.xcassets in Resources */ = {isa = PBXBuildFile; fileRef = 1986ED5627CDFCF500096E66 /* Preview Assets.xcassets */; };
		1986ED7827CE000900096E66 /* StatRowView.swift in Sources */ = {isa = PBXBuildFile; fileRef = 1986ED7427CE000900096E66 /* StatRowView.swift */; };
		1986ED7927CE000900096E66 /* ContentView.swift in Sources */ = {isa = PBXBuildFile; fileRef = 1986ED7527CE000900096E66 /* ContentView.swift */; };
		1986ED7A27CE000900096E66 /* StatSectionView.swift in Sources */ = {isa = PBXBuildFile; fileRef = 1986ED7627CE000900096E66 /* StatSectionView.swift */; };
		1986ED7B27CE000900096E66 /* BarView.swift in Sources */ = {isa = PBXBuildFile; fileRef = 1986ED7727CE000900096E66 /* BarView.swift */; };
		1986ED7D27CE001A00096E66 /* ContentViewModel.swift in Sources */ = {isa = PBXBuildFile; fileRef = 1986ED7C27CE001900096E66 /* ContentViewModel.swift */; };
		1986ED8627CE022E00096E66 /* DiskSpaceProvider in Frameworks */ = {isa = PBXBuildFile; productRef = 1986ED8527CE022E00096E66 /* DiskSpaceProvider */; };
/* End PBXBuildFile section */

/* Begin PBXFileReference section */
		1986ED4C27CDFCF400096E66 /* DiskSpaceProviderExampleApp.app */ = {isa = PBXFileReference; explicitFileType = wrapper.application; includeInIndex = 0; path = DiskSpaceProviderExampleApp.app; sourceTree = BUILT_PRODUCTS_DIR; };
		1986ED4F27CDFCF400096E66 /* DiskSpaceProviderExampleAppApp.swift */ = {isa = PBXFileReference; lastKnownFileType = sourcecode.swift; path = DiskSpaceProviderExampleAppApp.swift; sourceTree = "<group>"; };
		1986ED5327CDFCF500096E66 /* Assets.xcassets */ = {isa = PBXFileReference; lastKnownFileType = folder.assetcatalog; path = Assets.xcassets; sourceTree = "<group>"; };
		1986ED5627CDFCF500096E66 /* Preview Assets.xcassets */ = {isa = PBXFileReference; lastKnownFileType = folder.assetcatalog; path = "Preview Assets.xcassets"; sourceTree = "<group>"; };
		1986ED7427CE000900096E66 /* StatRowView.swift */ = {isa = PBXFileReference; fileEncoding = 4; lastKnownFileType = sourcecode.swift; path = StatRowView.swift; sourceTree = "<group>"; };
		1986ED7527CE000900096E66 /* ContentView.swift */ = {isa = PBXFileReference; fileEncoding = 4; lastKnownFileType = sourcecode.swift; path = ContentView.swift; sourceTree = "<group>"; };
		1986ED7627CE000900096E66 /* StatSectionView.swift */ = {isa = PBXFileReference; fileEncoding = 4; lastKnownFileType = sourcecode.swift; path = StatSectionView.swift; sourceTree = "<group>"; };
		1986ED7727CE000900096E66 /* BarView.swift */ = {isa = PBXFileReference; fileEncoding = 4; lastKnownFileType = sourcecode.swift; path = BarView.swift; sourceTree = "<group>"; };
		1986ED7C27CE001900096E66 /* ContentViewModel.swift */ = {isa = PBXFileReference; fileEncoding = 4; lastKnownFileType = sourcecode.swift; path = ContentViewModel.swift; sourceTree = "<group>"; };
/* End PBXFileReference section */

/* Begin PBXFrameworksBuildPhase section */
		1986ED4927CDFCF400096E66 /* Frameworks */ = {
			isa = PBXFrameworksBuildPhase;
			buildActionMask = 2147483647;
			files = (
				1986ED8627CE022E00096E66 /* DiskSpaceProvider in Frameworks */,
			);
			runOnlyForDeploymentPostprocessing = 0;
		};
/* End PBXFrameworksBuildPhase section */

/* Begin PBXGroup section */
		1986ED4327CDFCF400096E66 = {
			isa = PBXGroup;
			children = (
				1986ED4E27CDFCF400096E66 /* DiskSpaceProviderExampleApp */,
				1986ED4D27CDFCF400096E66 /* Products */,
			);
			sourceTree = "<group>";
		};
		1986ED4D27CDFCF400096E66 /* Products */ = {
			isa = PBXGroup;
			children = (
				1986ED4C27CDFCF400096E66 /* DiskSpaceProviderExampleApp.app */,
			);
			name = Products;
			sourceTree = "<group>";
		};
		1986ED4E27CDFCF400096E66 /* DiskSpaceProviderExampleApp */ = {
			isa = PBXGroup;
			children = (
				1986ED5D27CDFD1700096E66 /* ViewModels */,
				1986ED5F27CDFD1700096E66 /* Views */,
				1986ED4F27CDFCF400096E66 /* DiskSpaceProviderExampleAppApp.swift */,
				1986ED5327CDFCF500096E66 /* Assets.xcassets */,
				1986ED5527CDFCF500096E66 /* Preview Content */,
			);
			path = DiskSpaceProviderExampleApp;
			sourceTree = "<group>";
		};
		1986ED5527CDFCF500096E66 /* Preview Content */ = {
			isa = PBXGroup;
			children = (
				1986ED5627CDFCF500096E66 /* Preview Assets.xcassets */,
			);
			path = "Preview Content";
			sourceTree = "<group>";
		};
		1986ED5D27CDFD1700096E66 /* ViewModels */ = {
			isa = PBXGroup;
			children = (
				1986ED7C27CE001900096E66 /* ContentViewModel.swift */,
			);
			name = ViewModels;
			path = ../../../DiskSpaceProvider/ViewModels;
			sourceTree = "<group>";
		};
		1986ED5F27CDFD1700096E66 /* Views */ = {
			isa = PBXGroup;
			children = (
				1986ED7727CE000900096E66 /* BarView.swift */,
				1986ED7527CE000900096E66 /* ContentView.swift */,
				1986ED7427CE000900096E66 /* StatRowView.swift */,
				1986ED7627CE000900096E66 /* StatSectionView.swift */,
			);
			name = Views;
			path = ../../../DiskSpaceProvider/Views;
			sourceTree = "<group>";
		};
/* End PBXGroup section */

/* Begin PBXNativeTarget section */
		1986ED4B27CDFCF400096E66 /* DiskSpaceProviderExampleApp */ = {
			isa = PBXNativeTarget;
			buildConfigurationList = 1986ED5A27CDFCF500096E66 /* Build configuration list for PBXNativeTarget "DiskSpaceProviderExampleApp" */;
			buildPhases = (
				1986ED4827CDFCF400096E66 /* Sources */,
				1986ED4927CDFCF400096E66 /* Frameworks */,
				1986ED4A27CDFCF400096E66 /* Resources */,
			);
			buildRules = (
			);
			dependencies = (
			);
			name = DiskSpaceProviderExampleApp;
			packageProductDependencies = (
				1986ED8527CE022E00096E66 /* DiskSpaceProvider */,
			);
			productName = DiskSpaceProviderExampleApp;
			productReference = 1986ED4C27CDFCF400096E66 /* DiskSpaceProviderExampleApp.app */;
			productType = "com.apple.product-type.application";
		};
/* End PBXNativeTarget section */

/* Begin PBXProject section */
		1986ED4427CDFCF400096E66 /* Project object */ = {
			isa = PBXProject;
			attributes = {
				BuildIndependentTargetsInParallel = 1;
				LastSwiftUpdateCheck = 1320;
				LastUpgradeCheck = 1320;
				TargetAttributes = {
					1986ED4B27CDFCF400096E66 = {
						CreatedOnToolsVersion = 13.2.1;
					};
				};
			};
			buildConfigurationList = 1986ED4727CDFCF400096E66 /* Build configuration list for PBXProject "DiskSpaceProviderExampleApp" */;
			compatibilityVersion = "Xcode 13.0";
			developmentRegion = en;
			hasScannedForEncodings = 0;
			knownRegions = (
				en,
				Base,
			);
			mainGroup = 1986ED4327CDFCF400096E66;
			packageReferences = (
				1986ED8427CE022E00096E66 /* XCRemoteSwiftPackageReference "DiskSpaceProvider" */,
			);
			productRefGroup = 1986ED4D27CDFCF400096E66 /* Products */;
			projectDirPath = "";
			projectRoot = "";
			targets = (
				1986ED4B27CDFCF400096E66 /* DiskSpaceProviderExampleApp */,
			);
		};
/* End PBXProject section */

/* Begin PBXResourcesBuildPhase section */
		1986ED4A27CDFCF400096E66 /* Resources */ = {
			isa = PBXResourcesBuildPhase;
			buildActionMask = 2147483647;
			files = (
				1986ED5727CDFCF500096E66 /* Preview Assets.xcassets in Resources */,
				1986ED5427CDFCF500096E66 /* Assets.xcassets in Resources */,
			);
			runOnlyForDeploymentPostprocessing = 0;
		};
/* End PBXResourcesBuildPhase section */

/* Begin PBXSourcesBuildPhase section */
		1986ED4827CDFCF400096E66 /* Sources */ = {
			isa = PBXSourcesBuildPhase;
			buildActionMask = 2147483647;
			files = (
				1986ED7B27CE000900096E66 /* BarView.swift in Sources */,
				1986ED7A27CE000900096E66 /* StatSectionView.swift in Sources */,
				1986ED7D27CE001A00096E66 /* ContentViewModel.swift in Sources */,
				1986ED5027CDFCF400096E66 /* DiskSpaceProviderExampleAppApp.swift in Sources */,
				1986ED7927CE000900096E66 /* ContentView.swift in Sources */,
				1986ED7827CE000900096E66 /* StatRowView.swift in Sources */,
			);
			runOnlyForDeploymentPostprocessing = 0;
		};
/* End PBXSourcesBuildPhase section */

/* Begin XCBuildConfiguration section */
		1986ED5827CDFCF500096E66 /* Debug */ = {
			isa = XCBuildConfiguration;
			buildSettings = {
				ALWAYS_SEARCH_USER_PATHS = NO;
				CLANG_ANALYZER_NONNULL = YES;
				CLANG_ANALYZER_NUMBER_OBJECT_CONVERSION = YES_AGGRESSIVE;
				CLANG_CXX_LANGUAGE_STANDARD = "gnu++17";
				CLANG_CXX_LIBRARY = "libc++";
				CLANG_ENABLE_MODULES = YES;
				CLANG_ENABLE_OBJC_ARC = YES;
				CLANG_ENABLE_OBJC_WEAK = YES;
				CLANG_WARN_BLOCK_CAPTURE_AUTORELEASING = YES;
				CLANG_WARN_BOOL_CONVERSION = YES;
				CLANG_WARN_COMMA = YES;
				CLANG_WARN_CONSTANT_CONVERSION = YES;
				CLANG_WARN_DEPRECATED_OBJC_IMPLEMENTATIONS = YES;
				CLANG_WARN_DIRECT_OBJC_ISA_USAGE = YES_ERROR;
				CLANG_WARN_DOCUMENTATION_COMMENTS = YES;
				CLANG_WARN_EMPTY_BODY = YES;
				CLANG_WARN_ENUM_CONVERSION = YES;
				CLANG_WARN_INFINITE_RECURSION = YES;
				CLANG_WARN_INT_CONVERSION = YES;
				CLANG_WARN_NON_LITERAL_NULL_CONVERSION = YES;
				CLANG_WARN_OBJC_IMPLICIT_RETAIN_SELF = YES;
				CLANG_WARN_OBJC_LITERAL_CONVERSION = YES;
				CLANG_WARN_OBJC_ROOT_CLASS = YES_ERROR;
				CLANG_WARN_QUOTED_INCLUDE_IN_FRAMEWORK_HEADER = YES;
				CLANG_WARN_RANGE_LOOP_ANALYSIS = YES;
				CLANG_WARN_STRICT_PROTOTYPES = YES;
				CLANG_WARN_SUSPICIOUS_MOVE = YES;
				CLANG_WARN_UNGUARDED_AVAILABILITY = YES_AGGRESSIVE;
				CLANG_WARN_UNREACHABLE_CODE = YES;
				CLANG_WARN__DUPLICATE_METHOD_MATCH = YES;
				COPY_PHASE_STRIP = NO;
				DEBUG_INFORMATION_FORMAT = dwarf;
				ENABLE_STRICT_OBJC_MSGSEND = YES;
				ENABLE_TESTABILITY = YES;
				GCC_C_LANGUAGE_STANDARD = gnu11;
				GCC_DYNAMIC_NO_PIC = NO;
				GCC_NO_COMMON_BLOCKS = YES;
				GCC_OPTIMIZATION_LEVEL = 0;
				GCC_PREPROCESSOR_DEFINITIONS = (
					"DEBUG=1",
					"$(inherited)",
				);
				GCC_WARN_64_TO_32_BIT_CONVERSION = YES;
				GCC_WARN_ABOUT_RETURN_TYPE = YES_ERROR;
				GCC_WARN_UNDECLARED_SELECTOR = YES;
				GCC_WARN_UNINITIALIZED_AUTOS = YES_AGGRESSIVE;
				GCC_WARN_UNUSED_FUNCTION = YES;
				GCC_WARN_UNUSED_VARIABLE = YES;
				IPHONEOS_DEPLOYMENT_TARGET = 15.2;
				MTL_ENABLE_DEBUG_INFO = INCLUDE_SOURCE;
				MTL_FAST_MATH = YES;
				ONLY_ACTIVE_ARCH = YES;
				SDKROOT = iphoneos;
				SWIFT_ACTIVE_COMPILATION_CONDITIONS = DEBUG;
				SWIFT_OPTIMIZATION_LEVEL = "-Onone";
			};
			name = Debug;
		};
		1986ED5927CDFCF500096E66 /* Release */ = {
			isa = XCBuildConfiguration;
			buildSettings = {
				ALWAYS_SEARCH_USER_PATHS = NO;
				CLANG_ANALYZER_NONNULL = YES;
				CLANG_ANALYZER_NUMBER_OBJECT_CONVERSION = YES_AGGRESSIVE;
				CLANG_CXX_LANGUAGE_STANDARD = "gnu++17";
				CLANG_CXX_LIBRARY = "libc++";
				CLANG_ENABLE_MODULES = YES;
				CLANG_ENABLE_OBJC_ARC = YES;
				CLANG_ENABLE_OBJC_WEAK = YES;
				CLANG_WARN_BLOCK_CAPTURE_AUTORELEASING = YES;
				CLANG_WARN_BOOL_CONVERSION = YES;
				CLANG_WARN_COMMA = YES;
				CLANG_WARN_CONSTANT_CONVERSION = YES;
				CLANG_WARN_DEPRECATED_OBJC_IMPLEMENTATIONS = YES;
				CLANG_WARN_DIRECT_OBJC_ISA_USAGE = YES_ERROR;
				CLANG_WARN_DOCUMENTATION_COMMENTS = YES;
				CLANG_WARN_EMPTY_BODY = YES;
				CLANG_WARN_ENUM_CONVERSION = YES;
				CLANG_WARN_INFINITE_RECURSION = YES;
				CLANG_WARN_INT_CONVERSION = YES;
				CLANG_WARN_NON_LITERAL_NULL_CONVERSION = YES;
				CLANG_WARN_OBJC_IMPLICIT_RETAIN_SELF = YES;
				CLANG_WARN_OBJC_LITERAL_CONVERSION = YES;
				CLANG_WARN_OBJC_ROOT_CLASS = YES_ERROR;
				CLANG_WARN_QUOTED_INCLUDE_IN_FRAMEWORK_HEADER = YES;
				CLANG_WARN_RANGE_LOOP_ANALYSIS = YES;
				CLANG_WARN_STRICT_PROTOTYPES = YES;
				CLANG_WARN_SUSPICIOUS_MOVE = YES;
				CLANG_WARN_UNGUARDED_AVAILABILITY = YES_AGGRESSIVE;
				CLANG_WARN_UNREACHABLE_CODE = YES;
				CLANG_WARN__DUPLICATE_METHOD_MATCH = YES;
				COPY_PHASE_STRIP = NO;
				DEBUG_INFORMATION_FORMAT = "dwarf-with-dsym";
				ENABLE_NS_ASSERTIONS = NO;
				ENABLE_STRICT_OBJC_MSGSEND = YES;
				GCC_C_LANGUAGE_STANDARD = gnu11;
				GCC_NO_COMMON_BLOCKS = YES;
				GCC_WARN_64_TO_32_BIT_CONVERSION = YES;
				GCC_WARN_ABOUT_RETURN_TYPE = YES_ERROR;
				GCC_WARN_UNDECLARED_SELECTOR = YES;
				GCC_WARN_UNINITIALIZED_AUTOS = YES_AGGRESSIVE;
				GCC_WARN_UNUSED_FUNCTION = YES;
				GCC_WARN_UNUSED_VARIABLE = YES;
				IPHONEOS_DEPLOYMENT_TARGET = 15.2;
				MTL_ENABLE_DEBUG_INFO = NO;
				MTL_FAST_MATH = YES;
				SDKROOT = iphoneos;
				SWIFT_COMPILATION_MODE = wholemodule;
				SWIFT_OPTIMIZATION_LEVEL = "-O";
				VALIDATE_PRODUCT = YES;
			};
			name = Release;
		};
		1986ED5B27CDFCF500096E66 /* Debug */ = {
			isa = XCBuildConfiguration;
			buildSettings = {
				ASSETCATALOG_COMPILER_APPICON_NAME = AppIcon;
				ASSETCATALOG_COMPILER_GLOBAL_ACCENT_COLOR_NAME = AccentColor;
				CODE_SIGN_STYLE = Automatic;
				CURRENT_PROJECT_VERSION = 1;
				DEVELOPMENT_ASSET_PATHS = "\"DiskSpaceProviderExampleApp/Preview Content\"";
				DEVELOPMENT_TEAM = QR8D9G9JQK;
				ENABLE_PREVIEWS = YES;
				GENERATE_INFOPLIST_FILE = YES;
				INFOPLIST_KEY_UIApplicationSceneManifest_Generation = YES;
				INFOPLIST_KEY_UIApplicationSupportsIndirectInputEvents = YES;
				INFOPLIST_KEY_UILaunchScreen_Generation = YES;
				INFOPLIST_KEY_UISupportedInterfaceOrientations_iPad = "UIInterfaceOrientationPortrait UIInterfaceOrientationPortraitUpsideDown UIInterfaceOrientationLandscapeLeft UIInterfaceOrientationLandscapeRight";
				INFOPLIST_KEY_UISupportedInterfaceOrientations_iPhone = "UIInterfaceOrientationPortrait UIInterfaceOrientationLandscapeLeft UIInterfaceOrientationLandscapeRight";
				LD_RUNPATH_SEARCH_PATHS = (
					"$(inherited)",
					"@executable_path/Frameworks",
				);
				MARKETING_VERSION = 1.0;
				PRODUCT_BUNDLE_IDENTIFIER = in.amitsamant.DiskSpaceProviderExampleApp;
				PRODUCT_NAME = "$(TARGET_NAME)";
				SWIFT_EMIT_LOC_STRINGS = YES;
				SWIFT_VERSION = 5.0;
				TARGETED_DEVICE_FAMILY = "1,2";
			};
			name = Debug;
		};
		1986ED5C27CDFCF500096E66 /* Release */ = {
			isa = XCBuildConfiguration;
			buildSettings = {
				ASSETCATALOG_COMPILER_APPICON_NAME = AppIcon;
				ASSETCATALOG_COMPILER_GLOBAL_ACCENT_COLOR_NAME = AccentColor;
				CODE_SIGN_STYLE = Automatic;
				CURRENT_PROJECT_VERSION = 1;
				DEVELOPMENT_ASSET_PATHS = "\"DiskSpaceProviderExampleApp/Preview Content\"";
				DEVELOPMENT_TEAM = QR8D9G9JQK;
				ENABLE_PREVIEWS = YES;
				GENERATE_INFOPLIST_FILE = YES;
				INFOPLIST_KEY_UIApplicationSceneManifest_Generation = YES;
				INFOPLIST_KEY_UIApplicationSupportsIndirectInputEvents = YES;
				INFOPLIST_KEY_UILaunchScreen_Generation = YES;
				INFOPLIST_KEY_UISupportedInterfaceOrientations_iPad = "UIInterfaceOrientationPortrait UIInterfaceOrientationPortraitUpsideDown UIInterfaceOrientationLandscapeLeft UIInterfaceOrientationLandscapeRight";
				INFOPLIST_KEY_UISupportedInterfaceOrientations_iPhone = "UIInterfaceOrientationPortrait UIInterfaceOrientationLandscapeLeft UIInterfaceOrientationLandscapeRight";
				LD_RUNPATH_SEARCH_PATHS = (
					"$(inherited)",
					"@executable_path/Frameworks",
				);
				MARKETING_VERSION = 1.0;
				PRODUCT_BUNDLE_IDENTIFIER = in.amitsamant.DiskSpaceProviderExampleApp;
				PRODUCT_NAME = "$(TARGET_NAME)";
				SWIFT_EMIT_LOC_STRINGS = YES;
				SWIFT_VERSION = 5.0;
				TARGETED_DEVICE_FAMILY = "1,2";
			};
			name = Release;
		};
/* End XCBuildConfiguration section */

/* Begin XCConfigurationList section */
		1986ED4727CDFCF400096E66 /* Build configuration list for PBXProject "DiskSpaceProviderExampleApp" */ = {
			isa = XCConfigurationList;
			buildConfigurations = (
				1986ED5827CDFCF500096E66 /* Debug */,
				1986ED5927CDFCF500096E66 /* Release */,
			);
			defaultConfigurationIsVisible = 0;
			defaultConfigurationName = Release;
		};
		1986ED5A27CDFCF500096E66 /* Build configuration list for PBXNativeTarget "DiskSpaceProviderExampleApp" */ = {
			isa = XCConfigurationList;
			buildConfigurations = (
				1986ED5B27CDFCF500096E66 /* Debug */,
				1986ED5C27CDFCF500096E66 /* Release */,
			);
			defaultConfigurationIsVisible = 0;
			defaultConfigurationName = Release;
		};
/* End XCConfigurationList section */

/* Begin XCRemoteSwiftPackageReference section */
		1986ED8427CE022E00096E66 /* XCRemoteSwiftPackageReference "DiskSpaceProvider" */ = {
			isa = XCRemoteSwiftPackageReference;
			repositoryURL = "https://github.com/DominatorVbN/DiskSpaceProvider";
			requirement = {
				kind = upToNextMajorVersion;
				minimumVersion = 0.0.3;
			};
		};
/* End XCRemoteSwiftPackageReference section */

/* Begin XCSwiftPackageProductDependency section */
		1986ED8527CE022E00096E66 /* DiskSpaceProvider */ = {
			isa = XCSwiftPackageProductDependency;
			package = 1986ED8427CE022E00096E66 /* XCRemoteSwiftPackageReference "DiskSpaceProvider" */;
			productName = DiskSpaceProvider;
		};
/* End XCSwiftPackageProductDependency section */
	};
	rootObject = 1986ED4427CDFCF400096E66 /* Project object */;
}
